
Microsoft Visual Studio Solution File, Format Version 12.00
# Visual Studio Version 17
VisualStudioVersion = 17.7.34024.191
MinimumVisualStudioVersion = 10.0.40219.1
Project("{FAE04EC0-301F-11D3-BF4B-00C04F79EFBC}") = "BookApplication", "BookApplication\BookApplication.csproj", "{42C3469F-4FCB-49F3-B9D9-5EA193786644}"
EndProject
Global
	GlobalSection(SolutionConfigurationPlatforms) = preSolution
		Debug|Any CPU = Debug|Any CPU
		Release|Any CPU = Release|Any CPU
	EndGlobalSection
	GlobalSection(ProjectConfigurationPlatforms) = postSolution
		{42C3469F-4FCB-49F3-B9D9-5EA193786644}.Debug|Any CPU.ActiveCfg = Debug|Any CPU
		{42C3469F-4FCB-49F3-B9D9-5EA193786644}.Debug|Any CPU.Build.0 = Debug|Any CPU
		{42C3469F-4FCB-49F3-B9D9-5EA193786644}.Release|Any CPU.ActiveCfg = Release|Any CPU
		{42C3469F-4FCB-49F3-B9D9-5EA193786644}.Release|Any CPU.Build.0 = Release|Any CPU
	EndGlobalSection
	GlobalSection(SolutionProperties) = preSolution
		HideSolutionNode = FALSE
	EndGlobalSection
	GlobalSection(ExtensibilityGlobals) = postSolution
		SolutionGuid = {0EC4096F-EF48-40B6-ADD3-2233AEBC0D3E}
	EndGlobalSection
EndGlobal
